Microsoft Visual Studio Solution File, Format Version 12.00
# Visual Studio 2012
Project("{FAE04EC0-301F-11D3-BF4B-00C04F79EFBC}") = "Finite State Machine", "Finite State Machine.csproj", "{A19526A0-0D66-4AE9-94BC-6667D75CA305}"
EndProject
Global
	GlobalSection(SolutionConfigurationPlatforms) = preSolution
	Debug|Any CPU = Debug|Any CPU
	ExportDebug|Any CPU = ExportDebug|Any CPU
	ExportRelease|Any CPU = ExportRelease|Any CPU
	EndGlobalSection
	GlobalSection(ProjectConfigurationPlatforms) = postSolution
		{A19526A0-0D66-4AE9-94BC-6667D75CA305}.Debug|Any CPU.ActiveCfg = Debug|Any CPU
		{A19526A0-0D66-4AE9-94BC-6667D75CA305}.Debug|Any CPU.Build.0 = Debug|Any CPU
		{A19526A0-0D66-4AE9-94BC-6667D75CA305}.ExportDebug|Any CPU.ActiveCfg = ExportDebug|Any CPU
		{A19526A0-0D66-4AE9-94BC-6667D75CA305}.ExportDebug|Any CPU.Build.0 = ExportDebug|Any CPU
		{A19526A0-0D66-4AE9-94BC-6667D75CA305}.ExportRelease|Any CPU.ActiveCfg = ExportRelease|Any CPU
		{A19526A0-0D66-4AE9-94BC-6667D75CA305}.ExportRelease|Any CPU.Build.0 = ExportRelease|Any CPU
	EndGlobalSection
EndGlobal
